// !$*UTF8*$!
{
	archiveVersion = 1;
	classes = {
	};
	objectVersion = 46;
	objects = {

/* Begin PBXBuildFile section */
		5129E9D61B53BE3E002A5EC4 /* HUViewController.swift in Sources */ = {isa = PBXBuildFile; fileRef = 5129E9D51B53BE3E002A5EC4 /* HUViewController.swift */; };
		519A980D1B5350B800FEBF3E /* Images.xcassets in Resources */ = {isa = PBXBuildFile; fileRef = 519A980C1B5350B800FEBF3E /* Images.xcassets */; };
		519A98101B5350B800FEBF3E /* LaunchScreen.xib in Resources */ = {isa = PBXBuildFile; fileRef = 519A980E1B5350B800FEBF3E /* LaunchScreen.xib */; };
		519A981C1B5350B900FEBF3E /* HUSliderMenuTests.swift in Sources */ = {isa = PBXBuildFile; fileRef = 519A981B1B5350B900FEBF3E /* HUSliderMenuTests.swift */; };
		519A98261B5350DA00FEBF3E /* sidebar_bg@2x.jpg in Resources */ = {isa = PBXBuildFile; fileRef = 519A98251B5350DA00FEBF3E /* sidebar_bg@2x.jpg */; };
		519A982C1B53526300FEBF3E /* AppDelegate.swift in Sources */ = {isa = PBXBuildFile; fileRef = 519A98281B53526300FEBF3E /* AppDelegate.swift */; };
		519A982D1B53526300FEBF3E /* HUMainViewController.swift in Sources */ = {isa = PBXBuildFile; fileRef = 519A982A1B53526300FEBF3E /* HUMainViewController.swift */; };
		519A982F1B53528D00FEBF3E /* HULeftMenu.swift in Sources */ = {isa = PBXBuildFile; fileRef = 519A982E1B53528D00FEBF3E /* HULeftMenu.swift */; };
		519A98311B536C9200FEBF3E /* HUFirstViewController.swift in Sources */ = {isa = PBXBuildFile; fileRef = 519A98301B536C9200FEBF3E /* HUFirstViewController.swift */; };
		519A98331B5381C900FEBF3E /* HUSecondViewController.swift in Sources */ = {isa = PBXBuildFile; fileRef = 519A98321B5381C900FEBF3E /* HUSecondViewController.swift */; };
/* End PBXBuildFile section */

/* Begin PBXContainerItemProxy section */
		519A98161B5350B900FEBF3E /* PBXContainerItemProxy */ = {
			isa = PBXContainerItemProxy;
			containerPortal = 519A97F81B5350B700FEBF3E /* Project object */;
			proxyType = 1;
			remoteGlobalIDString = 519A97FF1B5350B800FEBF3E;
			remoteInfo = HUSliderMenu;
		};
/* End PBXContainerItemProxy section */

/* Begin PBXFileReference section */
		5129E9D51B53BE3E002A5EC4 /* HUViewController.swift */ = {isa = PBXFileReference; fileEncoding = 4; lastKnownFileType = sourcecode.swift; path = HUViewController.swift; sourceTree = "<group>"; };
		519A98001B5350B800FEBF3E /* HUSliderMenu.app */ = {isa = PBXFileReference; explicitFileType = wrapper.application; includeInIndex = 0; path = HUSliderMenu.app; sourceTree = BUILT_PRODUCTS_DIR; };
		519A98041B5350B800FEBF3E /* Info.plist */ = {isa = PBXFileReference; lastKnownFileType = text.plist.xml; path = Info.plist; sourceTree = "<group>"; };
		519A980C1B5350B800FEBF3E /* Images.xcassets */ = {isa = PBXFileReference; lastKnownFileType = folder.assetcatalog; path = Images.xcassets; sourceTree = "<group>"; };
		519A980F1B5350B800FEBF3E /* Base */ = {isa = PBXFileReference; lastKnownFileType = file.xib; name = Base; path = Base.lproj/LaunchScreen.xib; sourceTree = "<group>"; };
		519A98151B5350B900FEBF3E /* HUSliderMenuTests.xctest */ = {isa = PBXFileReference; explicitFileType = wrapper.cfbundle; includeInIndex = 0; path = HUSliderMenuTests.xctest; sourceTree = BUILT_PRODUCTS_DIR; };
		519A981A1B5350B900FEBF3E /* Info.plist */ = {isa = PBXFileReference; lastKnownFileType = text.plist.xml; path = Info.plist; sourceTree = "<group>"; };
		519A981B1B5350B900FEBF3E /* HUSliderMenuTests.swift */ = {isa = PBXFileReference; lastKnownFileType = sourcecode.swift; path = HUSliderMenuTests.swift; sourceTree = "<group>"; };
		519A98251B5350DA00FEBF3E /* sidebar_bg@2x.jpg */ = {isa = PBXFileReference; lastKnownFileType = image.jpeg; path = "sidebar_bg@2x.jpg"; sourceTree = "<group>"; };
		519A98281B53526300FEBF3E /* AppDelegate.swift */ = {isa = PBXFileReference; fileEncoding = 4; lastKnownFileType = sourcecode.swift; path = AppDelegate.swift; sourceTree = "<group>"; };
		519A982A1B53526300FEBF3E /* HUMainViewController.swift */ = {isa = PBXFileReference; fileEncoding = 4; lastKnownFileType = sourcecode.swift; path = HUMainViewController.swift; sourceTree = "<group>"; };
		519A982E1B53528D00FEBF3E /* HULeftMenu.swift */ = {isa = PBXFileReference; fileEncoding = 4; lastKnownFileType = sourcecode.swift; path = HULeftMenu.swift; sourceTree = "<group>"; };
		519A98301B536C9200FEBF3E /* HUFirstViewController.swift */ = {isa = PBXFileReference; fileEncoding = 4; lastKnownFileType = sourcecode.swift; path = HUFirstViewController.swift; sourceTree = "<group>"; };
		519A98321B5381C900FEBF3E /* HUSecondViewController.swift */ = {isa = PBXFileReference; fileEncoding = 4; lastKnownFileType = sourcecode.swift; path = HUSecondViewController.swift; sourceTree = "<group>"; };
/* End PBXFileReference section */

/* Begin PBXFrameworksBuildPhase section */
		519A97FD1B5350B800FEBF3E /* Frameworks */ = {
			isa = PBXFrameworksBuildPhase;
			buildActionMask = 2147483647;
			files = (
			);
			runOnlyForDeploymentPostprocessing = 0;
		};
		519A98121B5350B900FEBF3E /* Frameworks */ = {
			isa = PBXFrameworksBuildPhase;
			buildActionMask = 2147483647;
			files = (
			);
			runOnlyForDeploymentPostprocessing = 0;
		};
/* End PBXFrameworksBuildPhase section */

/* Begin PBXGroup section */
		519A97F71B5350B700FEBF3E = {
			isa = PBXGroup;
			children = (
				519A98021B5350B800FEBF3E /* HUSliderMenu */,
				519A98181B5350B900FEBF3E /* HUSliderMenuTests */,
				519A98011B5350B800FEBF3E /* Products */,
			);
			sourceTree = "<group>";
		};
		519A98011B5350B800FEBF3E /* Products */ = {
			isa = PBXGroup;
			children = (
				519A98001B5350B800FEBF3E /* HUSliderMenu.app */,
				519A98151B5350B900FEBF3E /* HUSliderMenuTests.xctest */,
			);
			name = Products;
			sourceTree = "<group>";
		};
		519A98021B5350B800FEBF3E /* HUSliderMenu */ = {
			isa = PBXGroup;
			children = (
				519A98271B53526300FEBF3E /* Sources */,
				519A980C1B5350B800FEBF3E /* Images.xcassets */,
				519A980E1B5350B800FEBF3E /* LaunchScreen.xib */,
				519A98031B5350B800FEBF3E /* Supporting Files */,
			);
			path = HUSliderMenu;
			sourceTree = "<group>";
		};
		519A98031B5350B800FEBF3E /* Supporting Files */ = {
			isa = PBXGroup;
			children = (
				519A98251B5350DA00FEBF3E /* sidebar_bg@2x.jpg */,
				519A98041B5350B800FEBF3E /* Info.plist */,
			);
			name = "Supporting Files";
			sourceTree = "<group>";
		};
		519A98181B5350B900FEBF3E /* HUSliderMenuTests */ = {
			isa = PBXGroup;
			children = (
				519A981B1B5350B900FEBF3E /* HUSliderMenuTests.swift */,
				519A98191B5350B900FEBF3E /* Supporting Files */,
			);
			path = HUSliderMenuTests;
			sourceTree = "<group>";
		};
		519A98191B5350B900FEBF3E /* Supporting Files */ = {
			isa = PBXGroup;
			children = (
				519A981A1B5350B900FEBF3E /* Info.plist */,
			);
			name = "Supporting Files";
			sourceTree = "<group>";
		};
		519A98271B53526300FEBF3E /* Sources */ = {
			isa = PBXGroup;
			children = (
				519A98281B53526300FEBF3E /* AppDelegate.swift */,
				519A98291B53526300FEBF3E /* Controllers */,
				519A982B1B53526300FEBF3E /* Views */,
			);
			path = Sources;
			sourceTree = "<group>";
		};
		519A98291B53526300FEBF3E /* Controllers */ = {
			isa = PBXGroup;
			children = (
				519A982A1B53526300FEBF3E /* HUMainViewController.swift */,
				5129E9D51B53BE3E002A5EC4 /* HUViewController.swift */,
				519A98321B5381C900FEBF3E /* HUSecondViewController.swift */,
				519A98301B536C9200FEBF3E /* HUFirstViewController.swift */,
			);
			path = Controllers;
			sourceTree = "<group>";
		};
		519A982B1B53526300FEBF3E /* Views */ = {
			isa = PBXGroup;
			children = (
				519A982E1B53528D00FEBF3E /* HULeftMenu.swift */,
			);
			path = Views;
			sourceTree = "<group>";
		};
/* End PBXGroup section */

/* Begin PBXNativeTarget section */
		519A97FF1B5350B800FEBF3E /* HUSliderMenu */ = {
			isa = PBXNativeTarget;
			buildConfigurationList = 519A981F1B5350B900FEBF3E /* Build configuration list for PBXNativeTarget "HUSliderMenu" */;
			buildPhases = (
				519A97FC1B5350B800FEBF3E /* Sources */,
				519A97FD1B5350B800FEBF3E /* Frameworks */,
				519A97FE1B5350B800FEBF3E /* Resources */,
			);
			buildRules = (
			);
			dependencies = (
			);
			name = HUSliderMenu;
			productName = HUSliderMenu;
			productReference = 519A98001B5350B800FEBF3E /* HUSliderMenu.app */;
			productType = "com.apple.product-type.application";
		};
		519A98141B5350B900FEBF3E /* HUSliderMenuTests */ = {
			isa = PBXNativeTarget;
			buildConfigurationList = 519A98221B5350B900FEBF3E /* Build configuration list for PBXNativeTarget "HUSliderMenuTests" */;
			buildPhases = (
				519A98111B5350B900FEBF3E /* Sources */,
				519A98121B5350B900FEBF3E /* Frameworks */,
				519A98131B5350B900FEBF3E /* Resources */,
			);
			buildRules = (
			);
			dependencies = (
				519A98171B5350B900FEBF3E /* PBXTargetDependency */,
			);
			name = HUSliderMenuTests;
			productName = HUSliderMenuTests;
			productReference = 519A98151B5350B900FEBF3E /* HUSliderMenuTests.xctest */;
			productType = "com.apple.product-type.bundle.unit-test";
		};
/* End PBXNativeTarget section */

/* Begin PBXProject section */
		519A97F81B5350B700FEBF3E /* Project object */ = {
			isa = PBXProject;
			attributes = {
				CLASSPREFIX = HU;
				LastUpgradeCheck = 0640;
				ORGANIZATIONNAME = yangtzeu;
				TargetAttributes = {
					519A97FF1B5350B800FEBF3E = {
						CreatedOnToolsVersion = 6.4;
					};
					519A98141B5350B900FEBF3E = {
						CreatedOnToolsVersion = 6.4;
						TestTargetID = 519A97FF1B5350B800FEBF3E;
					};
				};
			};
			buildConfigurationList = 519A97FB1B5350B700FEBF3E /* Build configuration list for PBXProject "HUSliderMenu" */;
			compatibilityVersion = "Xcode 3.2";
			developmentRegion = English;
			hasScannedForEncodings = 0;
			knownRegions = (
				en,
				Base,
			);
			mainGroup = 519A97F71B5350B700FEBF3E;
			productRefGroup = 519A98011B5350B800FEBF3E /* Products */;
			projectDirPath = "";
			projectRoot = "";
			targets = (
				519A97FF1B5350B800FEBF3E /* HUSliderMenu */,
				519A98141B5350B900FEBF3E /* HUSliderMenuTests */,
			);
		};
/* End PBXProject section */

/* Begin PBXResourcesBuildPhase section */
		519A97FE1B5350B800FEBF3E /* Resources */ = {
			isa = PBXResourcesBuildPhase;
			buildActionMask = 2147483647;
			files = (
				519A98261B5350DA00FEBF3E /* sidebar_bg@2x.jpg in Resources */,
				519A98101B5350B800FEBF3E /* LaunchScreen.xib in Resources */,
				519A980D1B5350B800FEBF3E /* Images.xcassets in Resources */,
			);
			runOnlyForDeploymentPostprocessing = 0;
		};
		519A98131B5350B900FEBF3E /* Resources */ = {
			isa = PBXResourcesBuildPhase;
			buildActionMask = 2147483647;
			files = (
			);
			runOnlyForDeploymentPostprocessing = 0;
		};
/* End PBXResourcesBuildPhase section */

/* Begin PBXSourcesBuildPhase section */
		519A97FC1B5350B800FEBF3E /* Sources */ = {
			isa = PBXSourcesBuildPhase;
			buildActionMask = 2147483647;
			files = (
				519A982C1B53526300FEBF3E /* AppDelegate.swift in Sources */,
				519A982D1B53526300FEBF3E /* HUMainViewController.swift in Sources */,
				519A98311B536C9200FEBF3E /* HUFirstViewController.swift in Sources */,
				5129E9D61B53BE3E002A5EC4 /* HUViewController.swift in Sources */,
				519A982F1B53528D00FEBF3E /* HULeftMenu.swift in Sources */,
				519A98331B5381C900FEBF3E /* HUSecondViewController.swift in Sources */,
			);
			runOnlyForDeploymentPostprocessing = 0;
		};
		519A98111B5350B900FEBF3E /* Sources */ = {
			isa = PBXSourcesBuildPhase;
			buildActionMask = 2147483647;
			files = (
				519A981C1B5350B900FEBF3E /* HUSliderMenuTests.swift in Sources */,
			);
			runOnlyForDeploymentPostprocessing = 0;
		};
/* End PBXSourcesBuildPhase section */

/* Begin PBXTargetDependency section */
		519A98171B5350B900FEBF3E /* PBXTargetDependency */ = {
			isa = PBXTargetDependency;
			target = 519A97FF1B5350B800FEBF3E /* HUSliderMenu */;
			targetProxy = 519A98161B5350B900FEBF3E /* PBXContainerItemProxy */;
		};
/* End PBXTargetDependency section */

/* Begin PBXVariantGroup section */
		519A980E1B5350B800FEBF3E /* LaunchScreen.xib */ = {
			isa = PBXVariantGroup;
			children = (
				519A980F1B5350B800FEBF3E /* Base */,
			);
			name = LaunchScreen.xib;
			sourceTree = "<group>";
		};
/* End PBXVariantGroup section */

/* Begin XCBuildConfiguration section */
		519A981D1B5350B900FEBF3E /* Debug */ = {
			isa = XCBuildConfiguration;
			buildSettings = {
				ALWAYS_SEARCH_USER_PATHS = NO;
				CLANG_CXX_LANGUAGE_STANDARD = "gnu++0x";
				CLANG_CXX_LIBRARY = "libc++";
				CLANG_ENABLE_MODULES = YES;
				CLANG_ENABLE_OBJC_ARC = YES;
				CLANG_WARN_BOOL_CONVERSION = YES;
				CLANG_WARN_CONSTANT_CONVERSION = YES;
				CLANG_WARN_DIRECT_OBJC_ISA_USAGE = YES_ERROR;
				CLANG_WARN_EMPTY_BODY = YES;
				CLANG_WARN_ENUM_CONVERSION = YES;
				CLANG_WARN_INT_CONVERSION = YES;
				CLANG_WARN_OBJC_ROOT_CLASS = YES_ERROR;
				CLANG_WARN_UNREACHABLE_CODE = YES;
				CLANG_WARN__DUPLICATE_METHOD_MATCH = YES;
				"CODE_SIGN_IDENTITY[sdk=iphoneos*]" = "iPhone Developer";
				COPY_PHASE_STRIP = NO;
				DEBUG_INFORMATION_FORMAT = "dwarf-with-dsym";
				ENABLE_STRICT_OBJC_MSGSEND = YES;
				GCC_C_LANGUAGE_STANDARD = gnu99;
				GCC_DYNAMIC_NO_PIC = NO;
				GCC_NO_COMMON_BLOCKS = YES;
				GCC_OPTIMIZATION_LEVEL = 0;
				GCC_PREPROCESSOR_DEFINITIONS = (
					"DEBUG=1",
					"$(inherited)",
				);
				GCC_SYMBOLS_PRIVATE_EXTERN = NO;
				GCC_WARN_64_TO_32_BIT_CONVERSION = YES;
				GCC_WARN_ABOUT_RETURN_TYPE = YES_ERROR;
				GCC_WARN_UNDECLARED_SELECTOR = YES;
				GCC_WARN_UNINITIALIZED_AUTOS = YES_AGGRESSIVE;
				GCC_WARN_UNUSED_FUNCTION = YES;
				GCC_WARN_UNUSED_VARIABLE = YES;
				IPHONEOS_DEPLOYMENT_TARGET = 8.4;
				MTL_ENABLE_DEBUG_INFO = YES;
				ONLY_ACTIVE_ARCH = YES;
				SDKROOT = iphoneos;
				SWIFT_OPTIMIZATION_LEVEL = "-Onone";
			};
			name = Debug;
		};
		519A981E1B5350B900FEBF3E /* Release */ = {
			isa = XCBuildConfiguration;
			buildSettings = {
				ALWAYS_SEARCH_USER_PATHS = NO;
				CLANG_CXX_LANGUAGE_STANDARD = "gnu++0x";
				CLANG_CXX_LIBRARY = "libc++";
				CLANG_ENABLE_MODULES = YES;
				CLANG_ENABLE_OBJC_ARC = YES;
				CLANG_WARN_BOOL_CONVERSION = YES;
				CLANG_WARN_CONSTANT_CONVERSION = YES;
				CLANG_WARN_DIRECT_OBJC_ISA_USAGE = YES_ERROR;
				CLANG_WARN_EMPTY_BODY = YES;
				CLANG_WARN_ENUM_CONVERSION = YES;
				CLANG_WARN_INT_CONVERSION = YES;
				CLANG_WARN_OBJC_ROOT_CLASS = YES_ERROR;
				CLANG_WARN_UNREACHABLE_CODE = YES;
				CLANG_WARN__DUPLICATE_METHOD_MATCH = YES;
				"CODE_SIGN_IDENTITY[sdk=iphoneos*]" = "iPhone Developer";
				COPY_PHASE_STRIP = NO;
				DEBUG_INFORMATION_FORMAT = "dwarf-with-dsym";
				ENABLE_NS_ASSERTIONS = NO;
				ENABLE_STRICT_OBJC_MSGSEND = YES;
				GCC_C_LANGUAGE_STANDARD = gnu99;
				GCC_NO_COMMON_BLOCKS = YES;
				GCC_WARN_64_TO_32_BIT_CONVERSION = YES;
				GCC_WARN_ABOUT_RETURN_TYPE = YES_ERROR;
				GCC_WARN_UNDECLARED_SELECTOR = YES;
				GCC_WARN_UNINITIALIZED_AUTOS = YES_AGGRESSIVE;
				GCC_WARN_UNUSED_FUNCTION = YES;
				GCC_WARN_UNUSED_VARIABLE = YES;
				IPHONEOS_DEPLOYMENT_TARGET = 8.4;
				MTL_ENABLE_DEBUG_INFO = NO;
				SDKROOT = iphoneos;
				VALIDATE_PRODUCT = YES;
			};
			name = Release;
		};
		519A98201B5350B900FEBF3E /* Debug */ = {
			isa = XCBuildConfiguration;
			buildSettings = {
				ASSETCATALOG_COMPILER_APPICON_NAME = AppIcon;
				INFOPLIST_FILE = HUSliderMenu/Info.plist;
				IPHONEOS_DEPLOYMENT_TARGET = 7.0;
				LD_RUNPATH_SEARCH_PATHS = "$(inherited) @executable_path/Frameworks";
				PRODUCT_NAME = "$(TARGET_NAME)";
			};
			name = Debug;
		};
		519A98211B5350B900FEBF3E /* Release */ = {
			isa = XCBuildConfiguration;
			buildSettings = {
				ASSETCATALOG_COMPILER_APPICON_NAME = AppIcon;
				INFOPLIST_FILE = HUSliderMenu/Info.plist;
				IPHONEOS_DEPLOYMENT_TARGET = 7.0;
				LD_RUNPATH_SEARCH_PATHS = "$(inherited) @executable_path/Frameworks";
				PRODUCT_NAME = "$(TARGET_NAME)";
			};
			name = Release;
		};
		519A98231B5350B900FEBF3E /* Debug */ = {
			isa = XCBuildConfiguration;
			buildSettings = {
				BUNDLE_LOADER = "$(TEST_HOST)";
				FRAMEWORK_SEARCH_PATHS = (
					"$(SDKROOT)/Developer/Library/Frameworks",
					"$(inherited)",
				);
				GCC_PREPROCESSOR_DEFINITIONS = (
					"DEBUG=1",
					"$(inherited)",
				);
				INFOPLIST_FILE = HUSliderMenuTests/Info.plist;
				LD_RUNPATH_SEARCH_PATHS = "$(inherited) @executable_path/Frameworks @loader_path/Frameworks";
				PRODUCT_NAME = "$(TARGET_NAME)";
				TEST_HOST = "$(BUILT_PRODUCTS_DIR)/HUSliderMenu.app/HUSliderMenu";
			};
			name = Debug;
		};
		519A98241B5350B900FEBF3E /* Release */ = {
			isa = XCBuildConfiguration;
			buildSettings = {
				BUNDLE_LOADER = "$(TEST_HOST)";
				FRAMEWORK_SEARCH_PATHS = (
					"$(SDKROOT)/Developer/Library/Frameworks",
					"$(inherited)",
				);
				INFOPLIST_FILE = HUSliderMenuTests/Info.plist;
				LD_RUNPATH_SEARCH_PATHS = "$(inherited) @executable_path/Frameworks @loader_path/Frameworks";
				PRODUCT_NAME = "$(TARGET_NAME)";
				TEST_HOST = "$(BUILT_PRODUCTS_DIR)/HUSliderMenu.app/HUSliderMenu";
			};
			name = Release;
		};
/* End XCBuildConfiguration section */

/* Begin XCConfigurationList section */
		519A97FB1B5350B700FEBF3E /* Build configuration list for PBXProject "HUSliderMenu" */ = {
			isa = XCConfigurationList;
			buildConfigurations = (
				519A981D1B5350B900FEBF3E /* Debug */,
				519A981E1B5350B900FEBF3E /* Release */,
			);
			defaultConfigurationIsVisible = 0;
			defaultConfigurationName = Release;
		};
		519A981F1B5350B900FEBF3E /* Build configuration list for PBXNativeTarget "HUSliderMenu" */ = {
			isa = XCConfigurationList;
			buildConfigurations = (
				519A98201B5350B900FEBF3E /* Debug */,
				519A98211B5350B900FEBF3E /* Release */,
			);
			defaultConfigurationIsVisible = 0;
			defaultConfigurationName = Release;
		};
		519A98221B5350B900FEBF3E /* Build configuration list for PBXNativeTarget "HUSliderMenuTests" */ = {
			isa = XCConfigurationList;
			buildConfigurations = (
				519A98231B5350B900FEBF3E /* Debug */,
				519A98241B5350B900FEBF3E /* Release */,
			);
			defaultConfigurationIsVisible = 0;
			defaultConfigurationName = Release;
		};
/* End XCConfigurationList section */
	};
	rootObject = 519A97F81B5350B700FEBF3E /* Project object */;
}
